
Microsoft Visual Studio Solution File, Format Version 12.00
# Visual Studio Version 17
VisualStudioVersion = 17.11.35327.3
MinimumVisualStudioVersion = 10.0.40219.1
Project("{FAE04EC0-301F-11D3-BF4B-00C04F79EFBC}") = "Nestlink.API", "Nestlink.API\Nestlink.API.csproj", "{052DB0CF-8A63-4EA8-86EC-BB5802770FAA}"
EndProject
Global
	GlobalSection(SolutionConfigurationPlatforms) = preSolution
		Debug|Any CPU = Debug|Any CPU
		Release|Any CPU = Release|Any CPU
	EndGlobalSection
	GlobalSection(ProjectConfigurationPlatforms) = postSolution
		{052DB0CF-8A63-4EA8-86EC-BB5802770FAA}.Debug|Any CPU.ActiveCfg = Debug|Any CPU
		{052DB0CF-8A63-4EA8-86EC-BB5802770FAA}.Debug|Any CPU.Build.0 = Debug|Any CPU
		{052DB0CF-8A63-4EA8-86EC-BB5802770FAA}.Release|Any CPU.ActiveCfg = Release|Any CPU
		{052DB0CF-8A63-4EA8-86EC-BB5802770FAA}.Release|Any CPU.Build.0 = Release|Any CPU
	EndGlobalSection
	GlobalSection(SolutionProperties) = preSolution
		HideSolutionNode = FALSE
	EndGlobalSection
	GlobalSection(ExtensibilityGlobals) = postSolution
		SolutionGuid = {0619E871-1CAD-487D-B615-46510F09BCC1}
	EndGlobalSection
EndGlobal
