
Microsoft Visual Studio Solution File, Format Version 12.00
# Visual Studio Version 17
VisualStudioVersion = 17.11.35327.3
MinimumVisualStudioVersion = 10.0.40219.1
Project("{9A19103F-16F7-4668-BE54-9A1E7A4F7556}") = "Nestlink.API", "Nestlink.API\Nestlink.API.csproj", "{052DB0CF-8A63-4EA8-86EC-BB5802770FAA}"
EndProject
Project("{2150E333-8FDC-42A3-9474-1A3956D46DE8}") = "Solution Items", "Solution Items", "{7636B825-47AB-486F-A1A5-5558A1E7C7C4}"
	ProjectSection(SolutionItems) = preProject
		..\..\..\..\..\..\Downloads\buildspec.yml = ..\..\..\..\..\..\Downloads\buildspec.yml
		..\..\..\..\..\..\Downloads\Procfile = ..\..\..\..\..\..\Downloads\Procfile
	EndProjectSection
EndProject
Global
	GlobalSection(SolutionConfigurationPlatforms) = preSolution
		Debug|Any CPU = Debug|Any CPU
		Release|Any CPU = Release|Any CPU
	EndGlobalSection
	GlobalSection(ProjectConfigurationPlatforms) = postSolution
		{052DB0CF-8A63-4EA8-86EC-BB5802770FAA}.Debug|Any CPU.ActiveCfg = Debug|Any CPU
		{052DB0CF-8A63-4EA8-86EC-BB5802770FAA}.Debug|Any CPU.Build.0 = Debug|Any CPU
		{052DB0CF-8A63-4EA8-86EC-BB5802770FAA}.Release|Any CPU.ActiveCfg = Release|Any CPU
		{052DB0CF-8A63-4EA8-86EC-BB5802770FAA}.Release|Any CPU.Build.0 = Release|Any CPU
	EndGlobalSection
	GlobalSection(SolutionProperties) = preSolution
		HideSolutionNode = FALSE
	EndGlobalSection
	GlobalSection(ExtensibilityGlobals) = postSolution
		SolutionGuid = {0619E871-1CAD-487D-B615-46510F09BCC1}
	EndGlobalSection
EndGlobal
